github.com/soyum2222/editPE v0.0.0-20210119084700-50570f8332b0 h1:RJG2lp1bmjfI4EUDPLwUFt+75ivISX3s/lG9ORwGF6o=
github.com/soyum2222/editPE v0.0.0-20210119084700-50570f8332b0/go.mod h1:++uT61R9lWv7RD8YmtMk76ck2N9FYhRkgah3bmHkSBU=
github.com/soyum2222/editPE v0.0.0-20210119085521-fbd0875d7db0 h1:IQH+a6HmbwOQSXEmggGMAs8ycBPYHHrFON+NC2Rme2Y=
github.com/soyum2222/editPE v0.0.0-20210119085521-fbd0875d7db0/go.mod h1:++uT61R9lWv7RD8YmtMk76ck2N9FYhRkgah3bmHkSBU=
github.com/soyum2222/editPE v0.0.0-20210119091721-bf0329039e75 h1:ODrgsQEzILN00AtDadpmoBXznrrcBa7327tJ9lJCTek=
github.com/soyum2222/editPE v0.0.0-20210119091721-bf0329039e75/go.mod h1:++uT61R9lWv7RD8YmtMk76ck2N9FYhRkgah3bmHkSBU=
github.com/soyum2222/editPE v0.0.0-20210126153313-60c81f723503/go.mod h1:++uT61R9lWv7RD8YmtMk76ck2N9FYhRkgah3bmHkSBU=
